
Microsoft Visual Studio Solution File, Format Version 12.00
# Visual Studio Version 16
VisualStudioVersion = 16.0.29411.108
MinimumVisualStudioVersion = 10.0.40219.1
Project("{FAE04EC0-301F-11D3-BF4B-00C04F79EFBC}") = "Ese01 Liste Funzionamento", "Ese01 Liste Funzionamento\Ese01 Liste Funzionamento.csproj", "{0EB22485-4CB6-47DA-AB8F-984BCD04844A}"
EndProject
Global
	GlobalSection(SolutionConfigurationPlatforms) = preSolution
		Debug|Any CPU = Debug|Any CPU
		Release|Any CPU = Release|Any CPU
	EndGlobalSection
	GlobalSection(ProjectConfigurationPlatforms) = postSolution
		{0EB22485-4CB6-47DA-AB8F-984BCD04844A}.Debug|Any CPU.ActiveCfg = Debug|Any CPU
		{0EB22485-4CB6-47DA-AB8F-984BCD04844A}.Debug|Any CPU.Build.0 = Debug|Any CPU
		{0EB22485-4CB6-47DA-AB8F-984BCD04844A}.Release|Any CPU.ActiveCfg = Release|Any CPU
		{0EB22485-4CB6-47DA-AB8F-984BCD04844A}.Release|Any CPU.Build.0 = Release|Any CPU
	EndGlobalSection
	GlobalSection(SolutionProperties) = preSolution
		HideSolutionNode = FALSE
	EndGlobalSection
	GlobalSection(ExtensibilityGlobals) = postSolution
		SolutionGuid = {39FE2B31-8477-40E7-854C-38E14ECF236C}
	EndGlobalSection
EndGlobal
