
Microsoft Visual Studio Solution File, Format Version 12.00
# Visual Studio Version 16
VisualStudioVersion = 16.0.31702.278
MinimumVisualStudioVersion = 10.0.40219.1
Project("{FAE04EC0-301F-11D3-BF4B-00C04F79EFBC}") = "OOP 7 - Dictionary", "OOP 7 - Dictionary\OOP 7 - Dictionary.csproj", "{0E36DE06-D933-4FFD-BDDF-C11DED8DB44F}"
EndProject
Global
	GlobalSection(SolutionConfigurationPlatforms) = preSolution
		Debug|Any CPU = Debug|Any CPU
		Release|Any CPU = Release|Any CPU
	EndGlobalSection
	GlobalSection(ProjectConfigurationPlatforms) = postSolution
		{0E36DE06-D933-4FFD-BDDF-C11DED8DB44F}.Debug|Any CPU.ActiveCfg = Debug|Any CPU
		{0E36DE06-D933-4FFD-BDDF-C11DED8DB44F}.Debug|Any CPU.Build.0 = Debug|Any CPU
		{0E36DE06-D933-4FFD-BDDF-C11DED8DB44F}.Release|Any CPU.ActiveCfg = Release|Any CPU
		{0E36DE06-D933-4FFD-BDDF-C11DED8DB44F}.Release|Any CPU.Build.0 = Release|Any CPU
	EndGlobalSection
	GlobalSection(SolutionProperties) = preSolution
		HideSolutionNode = FALSE
	EndGlobalSection
	GlobalSection(ExtensibilityGlobals) = postSolution
		SolutionGuid = {5DE611BC-D9FC-45A9-B358-131CFD6A32A9}
	EndGlobalSection
EndGlobal
