
Microsoft Visual Studio Solution File, Format Version 12.00
# Visual Studio Version 16
VisualStudioVersion = 16.0.31702.278
MinimumVisualStudioVersion = 10.0.40219.1
Project("{FAE04EC0-301F-11D3-BF4B-00C04F79EFBC}") = "OOP04", "OOP04\OOP04.csproj", "{7060D0BE-7A5E-4BFB-AE4C-F5687530C908}"
EndProject
Global
	GlobalSection(SolutionConfigurationPlatforms) = preSolution
		Debug|Any CPU = Debug|Any CPU
		Release|Any CPU = Release|Any CPU
	EndGlobalSection
	GlobalSection(ProjectConfigurationPlatforms) = postSolution
		{7060D0BE-7A5E-4BFB-AE4C-F5687530C908}.Debug|Any CPU.ActiveCfg = Debug|Any CPU
		{7060D0BE-7A5E-4BFB-AE4C-F5687530C908}.Debug|Any CPU.Build.0 = Debug|Any CPU
		{7060D0BE-7A5E-4BFB-AE4C-F5687530C908}.Release|Any CPU.ActiveCfg = Release|Any CPU
		{7060D0BE-7A5E-4BFB-AE4C-F5687530C908}.Release|Any CPU.Build.0 = Release|Any CPU
	EndGlobalSection
	GlobalSection(SolutionProperties) = preSolution
		HideSolutionNode = FALSE
	EndGlobalSection
	GlobalSection(ExtensibilityGlobals) = postSolution
		SolutionGuid = {8339B883-584A-4F51-A93D-39731390C4D2}
	EndGlobalSection
EndGlobal
