
Microsoft Visual Studio Solution File, Format Version 12.00
# Visual Studio Version 16
VisualStudioVersion = 16.0.29411.108
MinimumVisualStudioVersion = 10.0.40219.1
Project("{FAE04EC0-301F-11D3-BF4B-00C04F79EFBC}") = "Ese04 Coda ProntoSoccorso", "Ese04 Coda ProntoSoccorso\Ese04 Coda ProntoSoccorso.csproj", "{BC2478AF-FDFE-4E47-A1B7-9FE990320E4D}"
EndProject
Global
	GlobalSection(SolutionConfigurationPlatforms) = preSolution
		Debug|Any CPU = Debug|Any CPU
		Release|Any CPU = Release|Any CPU
	EndGlobalSection
	GlobalSection(ProjectConfigurationPlatforms) = postSolution
		{BC2478AF-FDFE-4E47-A1B7-9FE990320E4D}.Debug|Any CPU.ActiveCfg = Debug|Any CPU
		{BC2478AF-FDFE-4E47-A1B7-9FE990320E4D}.Debug|Any CPU.Build.0 = Debug|Any CPU
		{BC2478AF-FDFE-4E47-A1B7-9FE990320E4D}.Release|Any CPU.ActiveCfg = Release|Any CPU
		{BC2478AF-FDFE-4E47-A1B7-9FE990320E4D}.Release|Any CPU.Build.0 = Release|Any CPU
	EndGlobalSection
	GlobalSection(SolutionProperties) = preSolution
		HideSolutionNode = FALSE
	EndGlobalSection
	GlobalSection(ExtensibilityGlobals) = postSolution
		SolutionGuid = {70D9864A-C4D9-42A5-9AA6-356201B1F24A}
	EndGlobalSection
EndGlobal
