
Microsoft Visual Studio Solution File, Format Version 12.00
# Visual Studio Version 16
VisualStudioVersion = 16.0.31702.278
MinimumVisualStudioVersion = 10.0.40219.1
Project("{FAE04EC0-301F-11D3-BF4B-00C04F79EFBC}") = "Es04 - OOP01", "Es04 - OOP01\Es04 - OOP01.csproj", "{7BF20CCF-90E4-456A-A928-DCBBE8A1BCD3}"
EndProject
Global
	GlobalSection(SolutionConfigurationPlatforms) = preSolution
		Debug|Any CPU = Debug|Any CPU
		Release|Any CPU = Release|Any CPU
	EndGlobalSection
	GlobalSection(ProjectConfigurationPlatforms) = postSolution
		{7BF20CCF-90E4-456A-A928-DCBBE8A1BCD3}.Debug|Any CPU.ActiveCfg = Debug|Any CPU
		{7BF20CCF-90E4-456A-A928-DCBBE8A1BCD3}.Debug|Any CPU.Build.0 = Debug|Any CPU
		{7BF20CCF-90E4-456A-A928-DCBBE8A1BCD3}.Release|Any CPU.ActiveCfg = Release|Any CPU
		{7BF20CCF-90E4-456A-A928-DCBBE8A1BCD3}.Release|Any CPU.Build.0 = Release|Any CPU
	EndGlobalSection
	GlobalSection(SolutionProperties) = preSolution
		HideSolutionNode = FALSE
	EndGlobalSection
	GlobalSection(ExtensibilityGlobals) = postSolution
		SolutionGuid = {68CF0C7C-35FD-4162-A41F-F3956F9A4B56}
	EndGlobalSection
EndGlobal
