
Microsoft Visual Studio Solution File, Format Version 12.00
# Visual Studio Version 16
VisualStudioVersion = 16.0.29411.108
MinimumVisualStudioVersion = 10.0.40219.1
Project("{FAE04EC0-301F-11D3-BF4B-00C04F79EFBC}") = "Ese02 Funzionamento Dizionari", "Ese02 Funzionamento Dizionari\Ese02 Funzionamento Dizionari.csproj", "{4E9908E2-381B-4975-8C5C-2209E147C477}"
EndProject
Global
	GlobalSection(SolutionConfigurationPlatforms) = preSolution
		Debug|Any CPU = Debug|Any CPU
		Release|Any CPU = Release|Any CPU
	EndGlobalSection
	GlobalSection(ProjectConfigurationPlatforms) = postSolution
		{4E9908E2-381B-4975-8C5C-2209E147C477}.Debug|Any CPU.ActiveCfg = Debug|Any CPU
		{4E9908E2-381B-4975-8C5C-2209E147C477}.Debug|Any CPU.Build.0 = Debug|Any CPU
		{4E9908E2-381B-4975-8C5C-2209E147C477}.Release|Any CPU.ActiveCfg = Release|Any CPU
		{4E9908E2-381B-4975-8C5C-2209E147C477}.Release|Any CPU.Build.0 = Release|Any CPU
	EndGlobalSection
	GlobalSection(SolutionProperties) = preSolution
		HideSolutionNode = FALSE
	EndGlobalSection
	GlobalSection(ExtensibilityGlobals) = postSolution
		SolutionGuid = {5BA565D8-4F7E-402E-9A89-073F6A9B5977}
	EndGlobalSection
EndGlobal
