
Microsoft Visual Studio Solution File, Format Version 12.00
# Visual Studio Version 16
VisualStudioVersion = 16.0.31702.278
MinimumVisualStudioVersion = 10.0.40219.1
Project("{FAE04EC0-301F-11D3-BF4B-00C04F79EFBC}") = "OOP2", "OOP2\OOP2.csproj", "{2660AC4E-6FB8-408A-872F-4DC825D51F76}"
EndProject
Global
	GlobalSection(SolutionConfigurationPlatforms) = preSolution
		Debug|Any CPU = Debug|Any CPU
		Release|Any CPU = Release|Any CPU
	EndGlobalSection
	GlobalSection(ProjectConfigurationPlatforms) = postSolution
		{2660AC4E-6FB8-408A-872F-4DC825D51F76}.Debug|Any CPU.ActiveCfg = Debug|Any CPU
		{2660AC4E-6FB8-408A-872F-4DC825D51F76}.Debug|Any CPU.Build.0 = Debug|Any CPU
		{2660AC4E-6FB8-408A-872F-4DC825D51F76}.Release|Any CPU.ActiveCfg = Release|Any CPU
		{2660AC4E-6FB8-408A-872F-4DC825D51F76}.Release|Any CPU.Build.0 = Release|Any CPU
	EndGlobalSection
	GlobalSection(SolutionProperties) = preSolution
		HideSolutionNode = FALSE
	EndGlobalSection
	GlobalSection(ExtensibilityGlobals) = postSolution
		SolutionGuid = {E9C86AA2-8292-4FBE-B909-2306ED6884A3}
	EndGlobalSection
EndGlobal
