
Microsoft Visual Studio Solution File, Format Version 12.00
# Visual Studio Version 16
VisualStudioVersion = 16.0.31729.503
MinimumVisualStudioVersion = 10.0.40219.1
Project("{FAE04EC0-301F-11D3-BF4B-00C04F79EFBC}") = "Ese05 Pila Container", "Ese05 Pila Container\Ese05 Pila Container.csproj", "{9171F643-7786-4165-B74B-179C28C680A0}"
EndProject
Global
	GlobalSection(SolutionConfigurationPlatforms) = preSolution
		Debug|Any CPU = Debug|Any CPU
		Release|Any CPU = Release|Any CPU
	EndGlobalSection
	GlobalSection(ProjectConfigurationPlatforms) = postSolution
		{9171F643-7786-4165-B74B-179C28C680A0}.Debug|Any CPU.ActiveCfg = Debug|Any CPU
		{9171F643-7786-4165-B74B-179C28C680A0}.Debug|Any CPU.Build.0 = Debug|Any CPU
		{9171F643-7786-4165-B74B-179C28C680A0}.Release|Any CPU.ActiveCfg = Release|Any CPU
		{9171F643-7786-4165-B74B-179C28C680A0}.Release|Any CPU.Build.0 = Release|Any CPU
	EndGlobalSection
	GlobalSection(SolutionProperties) = preSolution
		HideSolutionNode = FALSE
	EndGlobalSection
	GlobalSection(ExtensibilityGlobals) = postSolution
		SolutionGuid = {8D08A0FE-2123-4FEE-9DEF-7973D76CA003}
	EndGlobalSection
EndGlobal
